
Microsoft Visual Studio Solution File, Format Version 12.00
# Visual Studio Version 17
VisualStudioVersion = 17.12.35728.132 d17.12
MinimumVisualStudioVersion = 10.0.40219.1
Project("{FAE04EC0-301F-11D3-BF4B-00C04F79EFBC}") = "ObjectStateTracker", "ObjectStateTracker.csproj", "{69350B65-96B6-47C1-8D69-22FC0802340A}"
EndProject
Project("{FAE04EC0-301F-11D3-BF4B-00C04F79EFBC}") = "ObjectStateTracker.Tests", "..\ObjectStateTracker.Tests\ObjectStateTracker.Tests.csproj", "{4DC84490-0FF5-46B6-93B9-C41AD47BCAFA}"
EndProject
Global
	GlobalSection(SolutionConfigurationPlatforms) = preSolution
		Debug|Any CPU = Debug|Any CPU
		Release|Any CPU = Release|Any CPU
	EndGlobalSection
	GlobalSection(ProjectConfigurationPlatforms) = postSolution
		{69350B65-96B6-47C1-8D69-22FC0802340A}.Debug|Any CPU.ActiveCfg = Debug|Any CPU
		{69350B65-96B6-47C1-8D69-22FC0802340A}.Debug|Any CPU.Build.0 = Debug|Any CPU
		{69350B65-96B6-47C1-8D69-22FC0802340A}.Release|Any CPU.ActiveCfg = Release|Any CPU
		{69350B65-96B6-47C1-8D69-22FC0802340A}.Release|Any CPU.Build.0 = Release|Any CPU
		{4DC84490-0FF5-46B6-93B9-C41AD47BCAFA}.Debug|Any CPU.ActiveCfg = Debug|Any CPU
		{4DC84490-0FF5-46B6-93B9-C41AD47BCAFA}.Debug|Any CPU.Build.0 = Debug|Any CPU
		{4DC84490-0FF5-46B6-93B9-C41AD47BCAFA}.Release|Any CPU.ActiveCfg = Release|Any CPU
		{4DC84490-0FF5-46B6-93B9-C41AD47BCAFA}.Release|Any CPU.Build.0 = Release|Any CPU
	EndGlobalSection
	GlobalSection(SolutionProperties) = preSolution
		HideSolutionNode = FALSE
	EndGlobalSection
EndGlobal
